
Microsoft Visual Studio Solution File, Format Version 12.00
# Visual Studio Version 16
VisualStudioVersion = 16.0.31624.102
MinimumVisualStudioVersion = 10.0.40219.1
Project("{9A19103F-16F7-4668-BE54-9A1E7A4F7556}") = "Ciber", "Ciber\Ciber.csproj", "{FFE4143E-C804-42CF-960A-49B9B8C716E2}"
EndProject
Project("{FAE04EC0-301F-11D3-BF4B-00C04F79EFBC}") = "CiberTests", "CiberTests\CiberTests.csproj", "{4F4E08AD-29F5-4B1E-ABD7-BB9A9FC3BFE3}"
EndProject
Global
	GlobalSection(SolutionConfigurationPlatforms) = preSolution
		Debug|Any CPU = Debug|Any CPU
		Release|Any CPU = Release|Any CPU
	EndGlobalSection
	GlobalSection(ProjectConfigurationPlatforms) = postSolution
		{FFE4143E-C804-42CF-960A-49B9B8C716E2}.Debug|Any CPU.ActiveCfg = Debug|Any CPU
		{FFE4143E-C804-42CF-960A-49B9B8C716E2}.Debug|Any CPU.Build.0 = Debug|Any CPU
		{FFE4143E-C804-42CF-960A-49B9B8C716E2}.Release|Any CPU.ActiveCfg = Release|Any CPU
		{FFE4143E-C804-42CF-960A-49B9B8C716E2}.Release|Any CPU.Build.0 = Release|Any CPU
		{4F4E08AD-29F5-4B1E-ABD7-BB9A9FC3BFE3}.Debug|Any CPU.ActiveCfg = Debug|Any CPU
		{4F4E08AD-29F5-4B1E-ABD7-BB9A9FC3BFE3}.Debug|Any CPU.Build.0 = Debug|Any CPU
		{4F4E08AD-29F5-4B1E-ABD7-BB9A9FC3BFE3}.Release|Any CPU.ActiveCfg = Release|Any CPU
		{4F4E08AD-29F5-4B1E-ABD7-BB9A9FC3BFE3}.Release|Any CPU.Build.0 = Release|Any CPU
	EndGlobalSection
	GlobalSection(SolutionProperties) = preSolution
		HideSolutionNode = FALSE
	EndGlobalSection
	GlobalSection(ExtensibilityGlobals) = postSolution
		SolutionGuid = {2BB43653-7B69-40BC-A8C0-0FDE92CDE89D}
	EndGlobalSection
EndGlobal
